// !$*UTF8*$!
{
	archiveVersion = 1;
	classes = {
	};
	objectVersion = 56;
	objects = {

/* Begin PBXBuildFile section */
		0322A5198044F28923BC3912 /* Pods_Messengar.framework in Frameworks */ = {isa = PBXBuildFile; fileRef = 642D6AD131B53ECF604FC1E1 /* Pods_Messengar.framework */; };
		A51185012AEF9DD90070F1A9 /* LoginViewController.swift in Sources */ = {isa = PBXBuildFile; fileRef = A51185002AEF9DD90070F1A9 /* LoginViewController.swift */; };
		A51185032AEF9DE80070F1A9 /* RegisterViewController.swift in Sources */ = {isa = PBXBuildFile; fileRef = A51185022AEF9DE80070F1A9 /* RegisterViewController.swift */; };
		A51185052AEF9E080070F1A9 /* PhotoViewerViewController.swift in Sources */ = {isa = PBXBuildFile; fileRef = A51185042AEF9E080070F1A9 /* PhotoViewerViewController.swift */; };
		A51185072AEF9E120070F1A9 /* VideoPlayerViewController.swift in Sources */ = {isa = PBXBuildFile; fileRef = A51185062AEF9E120070F1A9 /* VideoPlayerViewController.swift */; };
		A51185092AEF9E320070F1A9 /* NewConsersationViewController.swift in Sources */ = {isa = PBXBuildFile; fileRef = A51185082AEF9E320070F1A9 /* NewConsersationViewController.swift */; };
		A511850B2AEF9E440070F1A9 /* ProfileViewController.swift in Sources */ = {isa = PBXBuildFile; fileRef = A511850A2AEF9E440070F1A9 /* ProfileViewController.swift */; };
		A511850E2AEFA66A0070F1A9 /* Extensions.swift in Sources */ = {isa = PBXBuildFile; fileRef = A511850D2AEFA66A0070F1A9 /* Extensions.swift */; };
		A51889962AF15D4000D02876 /* ChatViewController.swift in Sources */ = {isa = PBXBuildFile; fileRef = A51889952AF15D4000D02876 /* ChatViewController.swift */; };
		A51889982AF1ECEC00D02876 /* StorageManager.swift in Sources */ = {isa = PBXBuildFile; fileRef = A51889972AF1ECEC00D02876 /* StorageManager.swift */; };
		A528105D2AF00A0100E12963 /* DatabaseManager.swift in Sources */ = {isa = PBXBuildFile; fileRef = A528105C2AF00A0100E12963 /* DatabaseManager.swift */; };
		A528105F2AF0F90D00E12963 /* GoogleService-Info.plist in Resources */ = {isa = PBXBuildFile; fileRef = A528105E2AF0F90D00E12963 /* GoogleService-Info.plist */; };
		A5A84C112AEF95F300CB92A3 /* AppDelegate.swift in Sources */ = {isa = PBXBuildFile; fileRef = A5A84C102AEF95F300CB92A3 /* AppDelegate.swift */; };
		A5A84C132AEF95F300CB92A3 /* SceneDelegate.swift in Sources */ = {isa = PBXBuildFile; fileRef = A5A84C122AEF95F300CB92A3 /* SceneDelegate.swift */; };
		A5A84C152AEF95F300CB92A3 /* ConservationViewController.swift in Sources */ = {isa = PBXBuildFile; fileRef = A5A84C142AEF95F300CB92A3 /* ConservationViewController.swift */; };
		A5A84C182AEF95F300CB92A3 /* Main.storyboard in Resources */ = {isa = PBXBuildFile; fileRef = A5A84C162AEF95F300CB92A3 /* Main.storyboard */; };
		A5A84C1A2AEF95F400CB92A3 /* Assets.xcassets in Resources */ = {isa = PBXBuildFile; fileRef = A5A84C192AEF95F400CB92A3 /* Assets.xcassets */; };
		A5A84C1D2AEF95F400CB92A3 /* LaunchScreen.storyboard in Resources */ = {isa = PBXBuildFile; fileRef = A5A84C1B2AEF95F400CB92A3 /* LaunchScreen.storyboard */; };
		A5DB47F72AF38E3B00E07D4C /* ConversationTableViewCell.swift in Sources */ = {isa = PBXBuildFile; fileRef = A5DB47F62AF38E3B00E07D4C /* ConversationTableViewCell.swift */; };
		A5FD7BA62AF60C4000E0DFD1 /* NewConversationCell.swift in Sources */ = {isa = PBXBuildFile; fileRef = A5FD7BA52AF60C4000E0DFD1 /* NewConversationCell.swift */; };
/* End PBXBuildFile section */

/* Begin PBXFileReference section */
		3971339552BE303A585A3A22 /* Pods-Messengar.release.xcconfig */ = {isa = PBXFileReference; includeInIndex = 1; lastKnownFileType = text.xcconfig; name = "Pods-Messengar.release.xcconfig"; path = "Target Support Files/Pods-Messengar/Pods-Messengar.release.xcconfig"; sourceTree = "<group>"; };
		642D6AD131B53ECF604FC1E1 /* Pods_Messengar.framework */ = {isa = PBXFileReference; explicitFileType = wrapper.framework; includeInIndex = 0; path = Pods_Messengar.framework; sourceTree = BUILT_PRODUCTS_DIR; };
		A51185002AEF9DD90070F1A9 /* LoginViewController.swift */ = {isa = PBXFileReference; lastKnownFileType = sourcecode.swift; path = LoginViewController.swift; sourceTree = "<group>"; };
		A51185022AEF9DE80070F1A9 /* RegisterViewController.swift */ = {isa = PBXFileReference; lastKnownFileType = sourcecode.swift; path = RegisterViewController.swift; sourceTree = "<group>"; };
		A51185042AEF9E080070F1A9 /* PhotoViewerViewController.swift */ = {isa = PBXFileReference; lastKnownFileType = sourcecode.swift; path = PhotoViewerViewController.swift; sourceTree = "<group>"; };
		A51185062AEF9E120070F1A9 /* VideoPlayerViewController.swift */ = {isa = PBXFileReference; lastKnownFileType = sourcecode.swift; path = VideoPlayerViewController.swift; sourceTree = "<group>"; };
		A51185082AEF9E320070F1A9 /* NewConsersationViewController.swift */ = {isa = PBXFileReference; lastKnownFileType = sourcecode.swift; path = NewConsersationViewController.swift; sourceTree = "<group>"; };
		A511850A2AEF9E440070F1A9 /* ProfileViewController.swift */ = {isa = PBXFileReference; lastKnownFileType = sourcecode.swift; path = ProfileViewController.swift; sourceTree = "<group>"; };
		A511850D2AEFA66A0070F1A9 /* Extensions.swift */ = {isa = PBXFileReference; lastKnownFileType = sourcecode.swift; path = Extensions.swift; sourceTree = "<group>"; };
		A51889952AF15D4000D02876 /* ChatViewController.swift */ = {isa = PBXFileReference; lastKnownFileType = sourcecode.swift; path = ChatViewController.swift; sourceTree = "<group>"; };
		A51889972AF1ECEC00D02876 /* StorageManager.swift */ = {isa = PBXFileReference; lastKnownFileType = sourcecode.swift; path = StorageManager.swift; sourceTree = "<group>"; };
		A528105C2AF00A0100E12963 /* DatabaseManager.swift */ = {isa = PBXFileReference; lastKnownFileType = sourcecode.swift; path = DatabaseManager.swift; sourceTree = "<group>"; };
		A528105E2AF0F90D00E12963 /* GoogleService-Info.plist */ = {isa = PBXFileReference; fileEncoding = 4; lastKnownFileType = text.plist.xml; path = "GoogleService-Info.plist"; sourceTree = "<group>"; };
		A5A84C0D2AEF95F300CB92A3 /* Messengar.app */ = {isa = PBXFileReference; explicitFileType = wrapper.application; includeInIndex = 0; path = Messengar.app; sourceTree = BUILT_PRODUCTS_DIR; };
		A5A84C102AEF95F300CB92A3 /* AppDelegate.swift */ = {isa = PBXFileReference; lastKnownFileType = sourcecode.swift; path = AppDelegate.swift; sourceTree = "<group>"; };
		A5A84C122AEF95F300CB92A3 /* SceneDelegate.swift */ = {isa = PBXFileReference; lastKnownFileType = sourcecode.swift; path = SceneDelegate.swift; sourceTree = "<group>"; };
		A5A84C142AEF95F300CB92A3 /* ConservationViewController.swift */ = {isa = PBXFileReference; lastKnownFileType = sourcecode.swift; path = ConservationViewController.swift; sourceTree = "<group>"; };
		A5A84C172AEF95F300CB92A3 /* Base */ = {isa = PBXFileReference; lastKnownFileType = file.storyboard; name = Base; path = Base.lproj/Main.storyboard; sourceTree = "<group>"; };
		A5A84C192AEF95F400CB92A3 /* Assets.xcassets */ = {isa = PBXFileReference; lastKnownFileType = folder.assetcatalog; path = Assets.xcassets; sourceTree = "<group>"; };
		A5A84C1C2AEF95F400CB92A3 /* Base */ = {isa = PBXFileReference; lastKnownFileType = file.storyboard; name = Base; path = Base.lproj/LaunchScreen.storyboard; sourceTree = "<group>"; };
		A5A84C1E2AEF95F400CB92A3 /* Info.plist */ = {isa = PBXFileReference; lastKnownFileType = text.plist.xml; path = Info.plist; sourceTree = "<group>"; };
		A5DB47F62AF38E3B00E07D4C /* ConversationTableViewCell.swift */ = {isa = PBXFileReference; lastKnownFileType = sourcecode.swift; path = ConversationTableViewCell.swift; sourceTree = "<group>"; };
		A5FD7BA52AF60C4000E0DFD1 /* NewConversationCell.swift */ = {isa = PBXFileReference; lastKnownFileType = sourcecode.swift; path = NewConversationCell.swift; sourceTree = "<group>"; };
		BC0DBE9CC50F53AF97DA61FE /* Pods-Messengar.debug.xcconfig */ = {isa = PBXFileReference; includeInIndex = 1; lastKnownFileType = text.xcconfig; name = "Pods-Messengar.debug.xcconfig"; path = "Target Support Files/Pods-Messengar/Pods-Messengar.debug.xcconfig"; sourceTree = "<group>"; };
/* End PBXFileReference section */

/* Begin PBXFrameworksBuildPhase section */
		A5A84C0A2AEF95F300CB92A3 /* Frameworks */ = {
			isa = PBXFrameworksBuildPhase;
			buildActionMask = 2147483647;
			files = (
				0322A5198044F28923BC3912 /* Pods_Messengar.framework in Frameworks */,
			);
			runOnlyForDeploymentPostprocessing = 0;
		};
/* End PBXFrameworksBuildPhase section */

/* Begin PBXGroup section */
		94B95CE1B90EB86FA31A168A /* Pods */ = {
			isa = PBXGroup;
			children = (
				BC0DBE9CC50F53AF97DA61FE /* Pods-Messengar.debug.xcconfig */,
				3971339552BE303A585A3A22 /* Pods-Messengar.release.xcconfig */,
			);
			path = Pods;
			sourceTree = "<group>";
		};
		A51184FA2AEF9BBE0070F1A9 /* Controllers */ = {
			isa = PBXGroup;
			children = (
				A5A84C142AEF95F300CB92A3 /* ConservationViewController.swift */,
				A511850C2AEFA2570070F1A9 /* Login */,
				A51185042AEF9E080070F1A9 /* PhotoViewerViewController.swift */,
				A51185062AEF9E120070F1A9 /* VideoPlayerViewController.swift */,
				A51185082AEF9E320070F1A9 /* NewConsersationViewController.swift */,
				A511850A2AEF9E440070F1A9 /* ProfileViewController.swift */,
				A51889952AF15D4000D02876 /* ChatViewController.swift */,
			);
			path = Controllers;
			sourceTree = "<group>";
		};
		A51184FB2AEF9BC60070F1A9 /* Views */ = {
			isa = PBXGroup;
			children = (
				A51184FF2AEF9BFD0070F1A9 /* Storyboards */,
				A5A84C192AEF95F400CB92A3 /* Assets.xcassets */,
				A5DB47F62AF38E3B00E07D4C /* ConversationTableViewCell.swift */,
				A5FD7BA52AF60C4000E0DFD1 /* NewConversationCell.swift */,
			);
			path = Views;
			sourceTree = "<group>";
		};
		A51184FC2AEF9BCA0070F1A9 /* Models */ = {
			isa = PBXGroup;
			children = (
			);
			path = Models;
			sourceTree = "<group>";
		};
		A51184FD2AEF9BCE0070F1A9 /* ViewModels */ = {
			isa = PBXGroup;
			children = (
			);
			path = ViewModels;
			sourceTree = "<group>";
		};
		A51184FE2AEF9BD30070F1A9 /* Resources */ = {
			isa = PBXGroup;
			children = (
				A5A84C102AEF95F300CB92A3 /* AppDelegate.swift */,
				A5A84C122AEF95F300CB92A3 /* SceneDelegate.swift */,
				A511850D2AEFA66A0070F1A9 /* Extensions.swift */,
				A528105C2AF00A0100E12963 /* DatabaseManager.swift */,
				A51889972AF1ECEC00D02876 /* StorageManager.swift */,
			);
			path = Resources;
			sourceTree = "<group>";
		};
		A51184FF2AEF9BFD0070F1A9 /* Storyboards */ = {
			isa = PBXGroup;
			children = (
				A5A84C162AEF95F300CB92A3 /* Main.storyboard */,
				A5A84C1B2AEF95F400CB92A3 /* LaunchScreen.storyboard */,
			);
			path = Storyboards;
			sourceTree = "<group>";
		};
		A511850C2AEFA2570070F1A9 /* Login */ = {
			isa = PBXGroup;
			children = (
				A51185002AEF9DD90070F1A9 /* LoginViewController.swift */,
				A51185022AEF9DE80070F1A9 /* RegisterViewController.swift */,
			);
			path = Login;
			sourceTree = "<group>";
		};
		A5A84C042AEF95F300CB92A3 = {
			isa = PBXGroup;
			children = (
				A5A84C0F2AEF95F300CB92A3 /* Messengar */,
				A5A84C0E2AEF95F300CB92A3 /* Products */,
				94B95CE1B90EB86FA31A168A /* Pods */,
				FBD4E0057F06CF5E2191781D /* Frameworks */,
			);
			sourceTree = "<group>";
		};
		A5A84C0E2AEF95F300CB92A3 /* Products */ = {
			isa = PBXGroup;
			children = (
				A5A84C0D2AEF95F300CB92A3 /* Messengar.app */,
			);
			name = Products;
			sourceTree = "<group>";
		};
		A5A84C0F2AEF95F300CB92A3 /* Messengar */ = {
			isa = PBXGroup;
			children = (
				A528105E2AF0F90D00E12963 /* GoogleService-Info.plist */,
				A51184FE2AEF9BD30070F1A9 /* Resources */,
				A51184FD2AEF9BCE0070F1A9 /* ViewModels */,
				A51184FC2AEF9BCA0070F1A9 /* Models */,
				A51184FB2AEF9BC60070F1A9 /* Views */,
				A51184FA2AEF9BBE0070F1A9 /* Controllers */,
				A5A84C1E2AEF95F400CB92A3 /* Info.plist */,
			);
			path = Messengar;
			sourceTree = "<group>";
		};
		FBD4E0057F06CF5E2191781D /* Frameworks */ = {
			isa = PBXGroup;
			children = (
				642D6AD131B53ECF604FC1E1 /* Pods_Messengar.framework */,
			);
			name = Frameworks;
			sourceTree = "<group>";
		};
/* End PBXGroup section */

/* Begin PBXNativeTarget section */
		A5A84C0C2AEF95F300CB92A3 /* Messengar */ = {
			isa = PBXNativeTarget;
			buildConfigurationList = A5A84C212AEF95F400CB92A3 /* Build configuration list for PBXNativeTarget "Messengar" */;
			buildPhases = (
				C9FF7102F3BD148C864EF962 /* [CP] Check Pods Manifest.lock */,
				A5A84C092AEF95F300CB92A3 /* Sources */,
				A5A84C0A2AEF95F300CB92A3 /* Frameworks */,
				A5A84C0B2AEF95F300CB92A3 /* Resources */,
				A537E1C4DF59E1B6EC0D54DC /* [CP] Embed Pods Frameworks */,
			);
			buildRules = (
			);
			dependencies = (
			);
			name = Messengar;
			productName = Messengar;
			productReference = A5A84C0D2AEF95F300CB92A3 /* Messengar.app */;
			productType = "com.apple.product-type.application";
		};
/* End PBXNativeTarget section */

/* Begin PBXProject section */
		A5A84C052AEF95F300CB92A3 /* Project object */ = {
			isa = PBXProject;
			attributes = {
				BuildIndependentTargetsInParallel = 1;
				LastSwiftUpdateCheck = 1500;
				LastUpgradeCheck = 1500;
				TargetAttributes = {
					A5A84C0C2AEF95F300CB92A3 = {
						CreatedOnToolsVersion = 15.0.1;
					};
				};
			};
			buildConfigurationList = A5A84C082AEF95F300CB92A3 /* Build configuration list for PBXProject "Messengar" */;
			compatibilityVersion = "Xcode 14.0";
			developmentRegion = en;
			hasScannedForEncodings = 0;
			knownRegions = (
				en,
				Base,
			);
			mainGroup = A5A84C042AEF95F300CB92A3;
			productRefGroup = A5A84C0E2AEF95F300CB92A3 /* Products */;
			projectDirPath = "";
			projectRoot = "";
			targets = (
				A5A84C0C2AEF95F300CB92A3 /* Messengar */,
			);
		};
/* End PBXProject section */

/* Begin PBXResourcesBuildPhase section */
		A5A84C0B2AEF95F300CB92A3 /* Resources */ = {
			isa = PBXResourcesBuildPhase;
			buildActionMask = 2147483647;
			files = (
				A5A84C1D2AEF95F400CB92A3 /* LaunchScreen.storyboard in Resources */,
				A528105F2AF0F90D00E12963 /* GoogleService-Info.plist in Resources */,
				A5A84C1A2AEF95F400CB92A3 /* Assets.xcassets in Resources */,
				A5A84C182AEF95F300CB92A3 /* Main.storyboard in Resources */,
			);
			runOnlyForDeploymentPostprocessing = 0;
		};
/* End PBXResourcesBuildPhase section */

/* Begin PBXShellScriptBuildPhase section */
		A537E1C4DF59E1B6EC0D54DC /* [CP] Embed Pods Frameworks */ = {
			isa = PBXShellScriptBuildPhase;
			buildActionMask = 2147483647;
			files = (
			);
			inputFileListPaths = (
				"${PODS_ROOT}/Target Support Files/Pods-Messengar/Pods-Messengar-frameworks-${CONFIGURATION}-input-files.xcfilelist",
			);
			name = "[CP] Embed Pods Frameworks";
			outputFileListPaths = (
				"${PODS_ROOT}/Target Support Files/Pods-Messengar/Pods-Messengar-frameworks-${CONFIGURATION}-output-files.xcfilelist",
			);
			runOnlyForDeploymentPostprocessing = 0;
			shellPath = /bin/sh;
			shellScript = "\"${PODS_ROOT}/Target Support Files/Pods-Messengar/Pods-Messengar-frameworks.sh\"\n";
			showEnvVarsInLog = 0;
		};
		C9FF7102F3BD148C864EF962 /* [CP] Check Pods Manifest.lock */ = {
			isa = PBXShellScriptBuildPhase;
			buildActionMask = 2147483647;
			files = (
			);
			inputFileListPaths = (
			);
			inputPaths = (
				"${PODS_PODFILE_DIR_PATH}/Podfile.lock",
				"${PODS_ROOT}/Manifest.lock",
			);
			name = "[CP] Check Pods Manifest.lock";
			outputFileListPaths = (
			);
			outputPaths = (
				"$(DERIVED_FILE_DIR)/Pods-Messengar-checkManifestLockResult.txt",
			);
			runOnlyForDeploymentPostprocessing = 0;
			shellPath = /bin/sh;
			shellScript = "diff \"${PODS_PODFILE_DIR_PATH}/Podfile.lock\" \"${PODS_ROOT}/Manifest.lock\" > /dev/null\nif [ $? != 0 ] ; then\n    # print error to STDERR\n    echo \"error: The sandbox is not in sync with the Podfile.lock. Run 'pod install' or update your CocoaPods installation.\" >&2\n    exit 1\nfi\n# This output is used by Xcode 'outputs' to avoid re-running this script phase.\necho \"SUCCESS\" > \"${SCRIPT_OUTPUT_FILE_0}\"\n";
			showEnvVarsInLog = 0;
		};
/* End PBXShellScriptBuildPhase section */

/* Begin PBXSourcesBuildPhase section */
		A5A84C092AEF95F300CB92A3 /* Sources */ = {
			isa = PBXSourcesBuildPhase;
			buildActionMask = 2147483647;
			files = (
				A51185012AEF9DD90070F1A9 /* LoginViewController.swift in Sources */,
				A5FD7BA62AF60C4000E0DFD1 /* NewConversationCell.swift in Sources */,
				A528105D2AF00A0100E12963 /* DatabaseManager.swift in Sources */,
				A51185032AEF9DE80070F1A9 /* RegisterViewController.swift in Sources */,
				A5A84C152AEF95F300CB92A3 /* ConservationViewController.swift in Sources */,
				A51185072AEF9E120070F1A9 /* VideoPlayerViewController.swift in Sources */,
				A5A84C112AEF95F300CB92A3 /* AppDelegate.swift in Sources */,
				A511850E2AEFA66A0070F1A9 /* Extensions.swift in Sources */,
				A5A84C132AEF95F300CB92A3 /* SceneDelegate.swift in Sources */,
				A511850B2AEF9E440070F1A9 /* ProfileViewController.swift in Sources */,
				A51185052AEF9E080070F1A9 /* PhotoViewerViewController.swift in Sources */,
				A5DB47F72AF38E3B00E07D4C /* ConversationTableViewCell.swift in Sources */,
				A51889962AF15D4000D02876 /* ChatViewController.swift in Sources */,
				A51185092AEF9E320070F1A9 /* NewConsersationViewController.swift in Sources */,
				A51889982AF1ECEC00D02876 /* StorageManager.swift in Sources */,
			);
			runOnlyForDeploymentPostprocessing = 0;
		};
/* End PBXSourcesBuildPhase section */

/* Begin PBXVariantGroup section */
		A5A84C162AEF95F300CB92A3 /* Main.storyboard */ = {
			isa = PBXVariantGroup;
			children = (
				A5A84C172AEF95F300CB92A3 /* Base */,
			);
			name = Main.storyboard;
			sourceTree = "<group>";
		};
		A5A84C1B2AEF95F400CB92A3 /* LaunchScreen.storyboard */ = {
			isa = PBXVariantGroup;
			children = (
				A5A84C1C2AEF95F400CB92A3 /* Base */,
			);
			name = LaunchScreen.storyboard;
			sourceTree = "<group>";
		};
/* End PBXVariantGroup section */

/* Begin XCBuildConfiguration section */
		A5A84C1F2AEF95F400CB92A3 /* Debug */ = {
			isa = XCBuildConfiguration;
			buildSettings = {
				ALWAYS_SEARCH_USER_PATHS = NO;
				ASSETCATALOG_COMPILER_GENERATE_SWIFT_ASSET_SYMBOL_EXTENSIONS = YES;
				CLANG_ANALYZER_NONNULL = YES;
				CLANG_ANALYZER_NUMBER_OBJECT_CONVERSION = YES_AGGRESSIVE;
				CLANG_CXX_LANGUAGE_STANDARD = "gnu++20";
				CLANG_ENABLE_MODULES = YES;
				CLANG_ENABLE_OBJC_ARC = YES;
				CLANG_ENABLE_OBJC_WEAK = YES;
				CLANG_WARN_BLOCK_CAPTURE_AUTORELEASING = YES;
				CLANG_WARN_BOOL_CONVERSION = YES;
				CLANG_WARN_COMMA = YES;
				CLANG_WARN_CONSTANT_CONVERSION = YES;
				CLANG_WARN_DEPRECATED_OBJC_IMPLEMENTATIONS = YES;
				CLANG_WARN_DIRECT_OBJC_ISA_USAGE = YES_ERROR;
				CLANG_WARN_DOCUMENTATION_COMMENTS = YES;
				CLANG_WARN_EMPTY_BODY = YES;
				CLANG_WARN_ENUM_CONVERSION = YES;
				CLANG_WARN_INFINITE_RECURSION = YES;
				CLANG_WARN_INT_CONVERSION = YES;
				CLANG_WARN_NON_LITERAL_NULL_CONVERSION = YES;
				CLANG_WARN_OBJC_IMPLICIT_RETAIN_SELF = YES;
				CLANG_WARN_OBJC_LITERAL_CONVERSION = YES;
				CLANG_WARN_OBJC_ROOT_CLASS = YES_ERROR;
				CLANG_WARN_QUOTED_INCLUDE_IN_FRAMEWORK_HEADER = YES;
				CLANG_WARN_RANGE_LOOP_ANALYSIS = YES;
				CLANG_WARN_STRICT_PROTOTYPES = YES;
				CLANG_WARN_SUSPICIOUS_MOVE = YES;
				CLANG_WARN_UNGUARDED_AVAILABILITY = YES_AGGRESSIVE;
				CLANG_WARN_UNREACHABLE_CODE = YES;
				CLANG_WARN__DUPLICATE_METHOD_MATCH = YES;
				COPY_PHASE_STRIP = NO;
				DEBUG_INFORMATION_FORMAT = dwarf;
				ENABLE_STRICT_OBJC_MSGSEND = YES;
				ENABLE_TESTABILITY = YES;
				ENABLE_USER_SCRIPT_SANDBOXING = NO;
				GCC_C_LANGUAGE_STANDARD = gnu17;
				GCC_DYNAMIC_NO_PIC = NO;
				GCC_NO_COMMON_BLOCKS = YES;
				GCC_OPTIMIZATION_LEVEL = 0;
				GCC_PREPROCESSOR_DEFINITIONS = (
					"DEBUG=1",
					"$(inherited)",
				);
				GCC_WARN_64_TO_32_BIT_CONVERSION = YES;
				GCC_WARN_ABOUT_RETURN_TYPE = YES_ERROR;
				GCC_WARN_UNDECLARED_SELECTOR = YES;
				GCC_WARN_UNINITIALIZED_AUTOS = YES_AGGRESSIVE;
				GCC_WARN_UNUSED_FUNCTION = YES;
				GCC_WARN_UNUSED_VARIABLE = YES;
				IPHONEOS_DEPLOYMENT_TARGET = 17.0;
				LOCALIZATION_PREFERS_STRING_CATALOGS = YES;
				MTL_ENABLE_DEBUG_INFO = INCLUDE_SOURCE;
				MTL_FAST_MATH = YES;
				ONLY_ACTIVE_ARCH = YES;
				SDKROOT = iphoneos;
				SWIFT_ACTIVE_COMPILATION_CONDITIONS = "DEBUG $(inherited)";
				SWIFT_OPTIMIZATION_LEVEL = "-Onone";
			};
			name = Debug;
		};
		A5A84C202AEF95F400CB92A3 /* Release */ = {
			isa = XCBuildConfiguration;
			buildSettings = {
				ALWAYS_SEARCH_USER_PATHS = NO;
				ASSETCATALOG_COMPILER_GENERATE_SWIFT_ASSET_SYMBOL_EXTENSIONS = YES;
				CLANG_ANALYZER_NONNULL = YES;
				CLANG_ANALYZER_NUMBER_OBJECT_CONVERSION = YES_AGGRESSIVE;
				CLANG_CXX_LANGUAGE_STANDARD = "gnu++20";
				CLANG_ENABLE_MODULES = YES;
				CLANG_ENABLE_OBJC_ARC = YES;
				CLANG_ENABLE_OBJC_WEAK = YES;
				CLANG_WARN_BLOCK_CAPTURE_AUTORELEASING = YES;
				CLANG_WARN_BOOL_CONVERSION = YES;
				CLANG_WARN_COMMA = YES;
				CLANG_WARN_CONSTANT_CONVERSION = YES;
				CLANG_WARN_DEPRECATED_OBJC_IMPLEMENTATIONS = YES;
				CLANG_WARN_DIRECT_OBJC_ISA_USAGE = YES_ERROR;
				CLANG_WARN_DOCUMENTATION_COMMENTS = YES;
				CLANG_WARN_EMPTY_BODY = YES;
				CLANG_WARN_ENUM_CONVERSION = YES;
				CLANG_WARN_INFINITE_RECURSION = YES;
				CLANG_WARN_INT_CONVERSION = YES;
				CLANG_WARN_NON_LITERAL_NULL_CONVERSION = YES;
				CLANG_WARN_OBJC_IMPLICIT_RETAIN_SELF = YES;
				CLANG_WARN_OBJC_LITERAL_CONVERSION = YES;
				CLANG_WARN_OBJC_ROOT_CLASS = YES_ERROR;
				CLANG_WARN_QUOTED_INCLUDE_IN_FRAMEWORK_HEADER = YES;
				CLANG_WARN_RANGE_LOOP_ANALYSIS = YES;
				CLANG_WARN_STRICT_PROTOTYPES = YES;
				CLANG_WARN_SUSPICIOUS_MOVE = YES;
				CLANG_WARN_UNGUARDED_AVAILABILITY = YES_AGGRESSIVE;
				CLANG_WARN_UNREACHABLE_CODE = YES;
				CLANG_WARN__DUPLICATE_METHOD_MATCH = YES;
				COPY_PHASE_STRIP = NO;
				DEBUG_INFORMATION_FORMAT = "dwarf-with-dsym";
				ENABLE_NS_ASSERTIONS = NO;
				ENABLE_STRICT_OBJC_MSGSEND = YES;
				ENABLE_USER_SCRIPT_SANDBOXING = NO;
				GCC_C_LANGUAGE_STANDARD = gnu17;
				GCC_NO_COMMON_BLOCKS = YES;
				GCC_WARN_64_TO_32_BIT_CONVERSION = YES;
				GCC_WARN_ABOUT_RETURN_TYPE = YES_ERROR;
				GCC_WARN_UNDECLARED_SELECTOR = YES;
				GCC_WARN_UNINITIALIZED_AUTOS = YES_AGGRESSIVE;
				GCC_WARN_UNUSED_FUNCTION = YES;
				GCC_WARN_UNUSED_VARIABLE = YES;
				IPHONEOS_DEPLOYMENT_TARGET = 17.0;
				LOCALIZATION_PREFERS_STRING_CATALOGS = YES;
				MTL_ENABLE_DEBUG_INFO = NO;
				MTL_FAST_MATH = YES;
				SDKROOT = iphoneos;
				SWIFT_COMPILATION_MODE = wholemodule;
				VALIDATE_PRODUCT = YES;
			};
			name = Release;
		};
		A5A84C222AEF95F400CB92A3 /* Debug */ = {
			isa = XCBuildConfiguration;
			baseConfigurationReference = BC0DBE9CC50F53AF97DA61FE /* Pods-Messengar.debug.xcconfig */;
			buildSettings = {
				ASSETCATALOG_COMPILER_APPICON_NAME = AppIcon;
				ASSETCATALOG_COMPILER_GLOBAL_ACCENT_COLOR_NAME = AccentColor;
				CODE_SIGN_STYLE = Automatic;
				CURRENT_PROJECT_VERSION = 1;
				DEVELOPMENT_TEAM = FQRWL84Z3B;
				GENERATE_INFOPLIST_FILE = YES;
				INFOPLIST_FILE = Messengar/Info.plist;
				INFOPLIST_KEY_NSCameraUsageDescription = "앱을 사용하기 위해서는 카메라의 허용이 필요합니다";
				INFOPLIST_KEY_NSPhotoLibraryAddUsageDescription = "앱을 사용하기 위해서는 카메라의 허용이 필요합니다";
				INFOPLIST_KEY_UIApplicationSupportsIndirectInputEvents = YES;
				INFOPLIST_KEY_UILaunchStoryboardName = LaunchScreen;
				INFOPLIST_KEY_UIMainStoryboardFile = Main;
				INFOPLIST_KEY_UISupportedInterfaceOrientations = UIInterfaceOrientationPortrait;
				IPHONEOS_DEPLOYMENT_TARGET = 16.0;
				LD_RUNPATH_SEARCH_PATHS = (
					"$(inherited)",
					"@executable_path/Frameworks",
				);
				MARKETING_VERSION = 1.0;
				PRODUCT_BUNDLE_IDENTIFIER = com.WooBi.Messengar;
				PRODUCT_NAME = "$(TARGET_NAME)";
				SWIFT_EMIT_LOC_STRINGS = YES;
				SWIFT_VERSION = 5.0;
				TARGETED_DEVICE_FAMILY = "1,2";
			};
			name = Debug;
		};
		A5A84C232AEF95F400CB92A3 /* Release */ = {
			isa = XCBuildConfiguration;
			baseConfigurationReference = 3971339552BE303A585A3A22 /* Pods-Messengar.release.xcconfig */;
			buildSettings = {
				ASSETCATALOG_COMPILER_APPICON_NAME = AppIcon;
				ASSETCATALOG_COMPILER_GLOBAL_ACCENT_COLOR_NAME = AccentColor;
				CODE_SIGN_STYLE = Automatic;
				CURRENT_PROJECT_VERSION = 1;
				DEVELOPMENT_TEAM = FQRWL84Z3B;
				GENERATE_INFOPLIST_FILE = YES;
				INFOPLIST_FILE = Messengar/Info.plist;
				INFOPLIST_KEY_NSCameraUsageDescription = "앱을 사용하기 위해서는 카메라의 허용이 필요합니다";
				INFOPLIST_KEY_NSPhotoLibraryAddUsageDescription = "앱을 사용하기 위해서는 카메라의 허용이 필요합니다";
				INFOPLIST_KEY_UIApplicationSupportsIndirectInputEvents = YES;
				INFOPLIST_KEY_UILaunchStoryboardName = LaunchScreen;
				INFOPLIST_KEY_UIMainStoryboardFile = Main;
				INFOPLIST_KEY_UISupportedInterfaceOrientations = UIInterfaceOrientationPortrait;
				IPHONEOS_DEPLOYMENT_TARGET = 16.0;
				LD_RUNPATH_SEARCH_PATHS = (
					"$(inherited)",
					"@executable_path/Frameworks",
				);
				MARKETING_VERSION = 1.0;
				PRODUCT_BUNDLE_IDENTIFIER = com.WooBi.Messengar;
				PRODUCT_NAME = "$(TARGET_NAME)";
				SWIFT_EMIT_LOC_STRINGS = YES;
				SWIFT_VERSION = 5.0;
				TARGETED_DEVICE_FAMILY = "1,2";
			};
			name = Release;
		};
/* End XCBuildConfiguration section */

/* Begin XCConfigurationList section */
		A5A84C082AEF95F300CB92A3 /* Build configuration list for PBXProject "Messengar" */ = {
			isa = XCConfigurationList;
			buildConfigurations = (
				A5A84C1F2AEF95F400CB92A3 /* Debug */,
				A5A84C202AEF95F400CB92A3 /* Release */,
			);
			defaultConfigurationIsVisible = 0;
			defaultConfigurationName = Release;
		};
		A5A84C212AEF95F400CB92A3 /* Build configuration list for PBXNativeTarget "Messengar" */ = {
			isa = XCConfigurationList;
			buildConfigurations = (
				A5A84C222AEF95F400CB92A3 /* Debug */,
				A5A84C232AEF95F400CB92A3 /* Release */,
			);
			defaultConfigurationIsVisible = 0;
			defaultConfigurationName = Release;
		};
/* End XCConfigurationList section */
	};
	rootObject = A5A84C052AEF95F300CB92A3 /* Project object */;
}
